
Microsoft Visual Studio Solution File, Format Version 12.00
# Visual Studio 15
VisualStudioVersion = 15.0.28307.168
MinimumVisualStudioVersion = 10.0.40219.1
Project("{FAE04EC0-301F-11D3-BF4B-00C04F79EFBC}") = "P.Postman", "P.Postman.csproj", "{4257813F-AD42-4E06-92D1-58399304D972}"
EndProject
Global
	GlobalSection(SolutionConfigurationPlatforms) = preSolution
		Debug|Any CPU = Debug|Any CPU
		Release|Any CPU = Release|Any CPU
	EndGlobalSection
	GlobalSection(ProjectConfigurationPlatforms) = postSolution
		{4257813F-AD42-4E06-92D1-58399304D972}.Debug|Any CPU.ActiveCfg = Debug|Any CPU
		{4257813F-AD42-4E06-92D1-58399304D972}.Debug|Any CPU.Build.0 = Debug|Any CPU
		{4257813F-AD42-4E06-92D1-58399304D972}.Release|Any CPU.ActiveCfg = Release|Any CPU
		{4257813F-AD42-4E06-92D1-58399304D972}.Release|Any CPU.Build.0 = Release|Any CPU
	EndGlobalSection
	GlobalSection(SolutionProperties) = preSolution
		HideSolutionNode = FALSE
	EndGlobalSection
	GlobalSection(ExtensibilityGlobals) = postSolution
		SolutionGuid = {5348F4CE-CEB5-43B8-B11D-4D938D9D2AB5}
	EndGlobalSection
EndGlobal
